{
    "_meta": {
        "hash": {
            "sha256": "3bed9fadf97d44922b6200e43ce9aad3659fc5cc6fc4de32a70b29d60d7700c2"
        },
        "pipfile-spec": 6,
        "requires": {
            "python_version": "3.8"
        },
        "sources": [
            {
                "name": "pypi",
                "url": "https://pypi.org/simple",
                "verify_ssl": true
            }
        ]
    },
    "default": {
        "django": {
            "hashes": [
                "sha256:a32c22af23634e1d11425574dce756098e015a165be02e4690179889b207c7a8",
                "sha256:d6393918da830530a9516bbbcbf7f1214c3d733738779f06b0f649f49cc698c3"
            ],
            "index": "pypi",
            "version": "==2.1.5"
        },
        "pytz": {
            "hashes": [
                "sha256:3672058bc3453457b622aab7a1c3bfd5ab0bdae451512f6cf25f64ed37f5b87c",
                "sha256:acad2d8b20a1af07d4e4c9d2e9285c5ed9104354062f275f3fcd88dcef4f1326"
            ],
            "version": "==2021.3"
        }
    },
    "develop": {}
}
